
Microsoft Visual Studio Solution File, Format Version 12.00
# Visual Studio 15
VisualStudioVersion = 15.0.28010.2046
MinimumVisualStudioVersion = 10.0.40219.1
Project("{888888A0-9F3D-457C-B088-3A5042F75D52}") = "py1", "py1.pyproj", "{43727824-B22A-4A81-9FB3-D9E01EB24DBD}"
EndProject
Global
	GlobalSection(SolutionConfigurationPlatforms) = preSolution
		Debug|Any CPU = Debug|Any CPU
		Release|Any CPU = Release|Any CPU
	EndGlobalSection
	GlobalSection(ProjectConfigurationPlatforms) = postSolution
		{43727824-B22A-4A81-9FB3-D9E01EB24DBD}.Debug|Any CPU.ActiveCfg = Debug|Any CPU
		{43727824-B22A-4A81-9FB3-D9E01EB24DBD}.Release|Any CPU.ActiveCfg = Release|Any CPU
	EndGlobalSection
	GlobalSection(SolutionProperties) = preSolution
		HideSolutionNode = FALSE
	EndGlobalSection
	GlobalSection(ExtensibilityGlobals) = postSolution
		SolutionGuid = {C123632E-11DB-4711-AD78-EA101C473A2A}
	EndGlobalSection
EndGlobal
